// !$*UTF8*$!
{
	archiveVersion = 1;
	classes = {
	};
	objectVersion = 46;
	objects = {

/* Begin PBXBuildFile section */
		908834AA1F27324E00C1086F /* StickerPackExtension.appex in Embed App Extensions */ = {isa = PBXBuildFile; fileRef = 908834A91F27324E00C1086F /* StickerPackExtension.appex */; settings = {ATTRIBUTES = (RemoveHeadersOnCopy, ); }; };
		908834AE1F27324E00C1086F /* Stickers.xcstickers in Resources */ = {isa = PBXBuildFile; fileRef = 908834AD1F27324E00C1086F /* Stickers.xcstickers */; };
		908834AF1F27324E00C1086F /* Stickers.xcstickers in Resources */ = {isa = PBXBuildFile; fileRef = 908834AD1F27324E00C1086F /* Stickers.xcstickers */; };
/* End PBXBuildFile section */

/* Begin PBXContainerItemProxy section */
		908834AB1F27324E00C1086F /* PBXContainerItemProxy */ = {
			isa = PBXContainerItemProxy;
			containerPortal = 9088349F1F27324E00C1086F /* Project object */;
			proxyType = 1;
			remoteGlobalIDString = 908834A81F27324E00C1086F;
			remoteInfo = StickerPackExtension;
		};
/* End PBXContainerItemProxy section */

/* Begin PBXCopyFilesBuildPhase section */
		908834B51F27324E00C1086F /* Embed App Extensions */ = {
			isa = PBXCopyFilesBuildPhase;
			buildActionMask = 2147483647;
			dstPath = "";
			dstSubfolderSpec = 13;
			files = (
				908834AA1F27324E00C1086F /* StickerPackExtension.appex in Embed App Extensions */,
			);
			name = "Embed App Extensions";
			runOnlyForDeploymentPostprocessing = 0;
		};
/* End PBXCopyFilesBuildPhase section */

/* Begin PBXFileReference section */
		908834A51F27324E00C1086F /* HJSmallLovely.app */ = {isa = PBXFileReference; explicitFileType = wrapper.application; includeInIndex = 0; path = HJSmallLovely.app; sourceTree = BUILT_PRODUCTS_DIR; };
		908834A91F27324E00C1086F /* StickerPackExtension.appex */ = {isa = PBXFileReference; explicitFileType = "wrapper.app-extension"; includeInIndex = 0; path = StickerPackExtension.appex; sourceTree = BUILT_PRODUCTS_DIR; };
		908834AD1F27324E00C1086F /* Stickers.xcstickers */ = {isa = PBXFileReference; lastKnownFileType = folder.stickers; name = Stickers.xcstickers; path = StickerPackExtension/Stickers.xcstickers; sourceTree = "<group>"; };
/* End PBXFileReference section */

/* Begin PBXGroup section */
		9088349E1F27324E00C1086F = {
			isa = PBXGroup;
			children = (
				908834AD1F27324E00C1086F /* Stickers.xcstickers */,
				908834A61F27324E00C1086F /* Products */,
			);
			sourceTree = "<group>";
		};
		908834A61F27324E00C1086F /* Products */ = {
			isa = PBXGroup;
			children = (
				908834A51F27324E00C1086F /* HJSmallLovely.app */,
				908834A91F27324E00C1086F /* StickerPackExtension.appex */,
			);
			name = Products;
			sourceTree = "<group>";
		};
/* End PBXGroup section */

/* Begin PBXNativeTarget section */
		908834A41F27324E00C1086F /* HJSmallLovely */ = {
			isa = PBXNativeTarget;
			buildConfigurationList = 908834B61F27324E00C1086F /* Build configuration list for PBXNativeTarget "HJSmallLovely" */;
			buildPhases = (
				908834A31F27324E00C1086F /* Resources */,
				908834B51F27324E00C1086F /* Embed App Extensions */,
			);
			buildRules = (
			);
			dependencies = (
				908834AC1F27324E00C1086F /* PBXTargetDependency */,
			);
			name = HJSmallLovely;
			productName = HJSmallLovely;
			productReference = 908834A51F27324E00C1086F /* HJSmallLovely.app */;
			productType = "com.apple.product-type.application.messages";
		};
		908834A81F27324E00C1086F /* StickerPackExtension */ = {
			isa = PBXNativeTarget;
			buildConfigurationList = 908834B21F27324E00C1086F /* Build configuration list for PBXNativeTarget "StickerPackExtension" */;
			buildPhases = (
				908834A71F27324E00C1086F /* Resources */,
			);
			buildRules = (
			);
			dependencies = (
			);
			name = StickerPackExtension;
			productName = StickerPackExtension;
			productReference = 908834A91F27324E00C1086F /* StickerPackExtension.appex */;
			productType = "com.apple.product-type.app-extension.messages-sticker-pack";
		};
/* End PBXNativeTarget section */

/* Begin PBXProject section */
		9088349F1F27324E00C1086F /* Project object */ = {
			isa = PBXProject;
			attributes = {
				LastUpgradeCheck = 0820;
				ORGANIZATIONNAME = Mr.H;
				TargetAttributes = {
					908834A41F27324E00C1086F = {
						CreatedOnToolsVersion = 8.2.1;
						DevelopmentTeam = 22V8W52T88;
						ProvisioningStyle = Automatic;
					};
					908834A81F27324E00C1086F = {
						CreatedOnToolsVersion = 8.2.1;
						ProvisioningStyle = Automatic;
					};
				};
			};
			buildConfigurationList = 908834A21F27324E00C1086F /* Build configuration list for PBXProject "HJSmallLovely" */;
			compatibilityVersion = "Xcode 3.2";
			developmentRegion = English;
			hasScannedForEncodings = 0;
			knownRegions = (
				en,
			);
			mainGroup = 9088349E1F27324E00C1086F;
			productRefGroup = 908834A61F27324E00C1086F /* Products */;
			projectDirPath = "";
			projectRoot = "";
			targets = (
				908834A41F27324E00C1086F /* HJSmallLovely */,
				908834A81F27324E00C1086F /* StickerPackExtension */,
			);
		};
/* End PBXProject section */

/* Begin PBXResourcesBuildPhase section */
		908834A31F27324E00C1086F /* Resources */ = {
			isa = PBXResourcesBuildPhase;
			buildActionMask = 2147483647;
			files = (
				908834AF1F27324E00C1086F /* Stickers.xcstickers in Resources */,
			);
			runOnlyForDeploymentPostprocessing = 0;
		};
		908834A71F27324E00C1086F /* Resources */ = {
			isa = PBXResourcesBuildPhase;
			buildActionMask = 2147483647;
			files = (
				908834AE1F27324E00C1086F /* Stickers.xcstickers in Resources */,
			);
			runOnlyForDeploymentPostprocessing = 0;
		};
/* End PBXResourcesBuildPhase section */

/* Begin PBXTargetDependency section */
		908834AC1F27324E00C1086F /* PBXTargetDependency */ = {
			isa = PBXTargetDependency;
			target = 908834A81F27324E00C1086F /* StickerPackExtension */;
			targetProxy = 908834AB1F27324E00C1086F /* PBXContainerItemProxy */;
		};
/* End PBXTargetDependency section */

/* Begin XCBuildConfiguration section */
		908834B01F27324E00C1086F /* Debug */ = {
			isa = XCBuildConfiguration;
			buildSettings = {
				ALWAYS_SEARCH_USER_PATHS = NO;
				CLANG_ANALYZER_NONNULL = YES;
				CLANG_CXX_LANGUAGE_STANDARD = "gnu++0x";
				CLANG_CXX_LIBRARY = "libc++";
				CLANG_ENABLE_MODULES = YES;
				CLANG_ENABLE_OBJC_ARC = YES;
				CLANG_WARN_BOOL_CONVERSION = YES;
				CLANG_WARN_CONSTANT_CONVERSION = YES;
				CLANG_WARN_DIRECT_OBJC_ISA_USAGE = YES_ERROR;
				CLANG_WARN_DOCUMENTATION_COMMENTS = YES;
				CLANG_WARN_EMPTY_BODY = YES;
				CLANG_WARN_ENUM_CONVERSION = YES;
				CLANG_WARN_INFINITE_RECURSION = YES;
				CLANG_WARN_INT_CONVERSION = YES;
				CLANG_WARN_OBJC_ROOT_CLASS = YES_ERROR;
				CLANG_WARN_SUSPICIOUS_MOVE = YES;
				CLANG_WARN_UNREACHABLE_CODE = YES;
				CLANG_WARN__DUPLICATE_METHOD_MATCH = YES;
				"CODE_SIGN_IDENTITY[sdk=iphoneos*]" = "iPhone Developer";
				COPY_PHASE_STRIP = NO;
				DEBUG_INFORMATION_FORMAT = dwarf;
				ENABLE_STRICT_OBJC_MSGSEND = YES;
				ENABLE_TESTABILITY = YES;
				GCC_C_LANGUAGE_STANDARD = gnu99;
				GCC_DYNAMIC_NO_PIC = NO;
				GCC_NO_COMMON_BLOCKS = YES;
				GCC_OPTIMIZATION_LEVEL = 0;
				GCC_PREPROCESSOR_DEFINITIONS = (
					"DEBUG=1",
					"$(inherited)",
				);
				GCC_WARN_64_TO_32_BIT_CONVERSION = YES;
				GCC_WARN_ABOUT_RETURN_TYPE = YES_ERROR;
				GCC_WARN_UNDECLARED_SELECTOR = YES;
				GCC_WARN_UNINITIALIZED_AUTOS = YES_AGGRESSIVE;
				GCC_WARN_UNUSED_FUNCTION = YES;
				GCC_WARN_UNUSED_VARIABLE = YES;
				IPHONEOS_DEPLOYMENT_TARGET = 10.2;
				MTL_ENABLE_DEBUG_INFO = YES;
				ONLY_ACTIVE_ARCH = YES;
				SDKROOT = iphoneos;
				TARGETED_DEVICE_FAMILY = "1,2";
			};
			name = Debug;
		};
		908834B11F27324E00C1086F /* Release */ = {
			isa = XCBuildConfiguration;
			buildSettings = {
				ALWAYS_SEARCH_USER_PATHS = NO;
				CLANG_ANALYZER_NONNULL = YES;
				CLANG_CXX_LANGUAGE_STANDARD = "gnu++0x";
				CLANG_CXX_LIBRARY = "libc++";
				CLANG_ENABLE_MODULES = YES;
				CLANG_ENABLE_OBJC_ARC = YES;
				CLANG_WARN_BOOL_CONVERSION = YES;
				CLANG_WARN_CONSTANT_CONVERSION = YES;
				CLANG_WARN_DIRECT_OBJC_ISA_USAGE = YES_ERROR;
				CLANG_WARN_DOCUMENTATION_COMMENTS = YES;
				CLANG_WARN_EMPTY_BODY = YES;
				CLANG_WARN_ENUM_CONVERSION = YES;
				CLANG_WARN_INFINITE_RECURSION = YES;
				CLANG_WARN_INT_CONVERSION = YES;
				CLANG_WARN_OBJC_ROOT_CLASS = YES_ERROR;
				CLANG_WARN_SUSPICIOUS_MOVE = YES;
				CLANG_WARN_UNREACHABLE_CODE = YES;
				CLANG_WARN__DUPLICATE_METHOD_MATCH = YES;
				"CODE_SIGN_IDENTITY[sdk=iphoneos*]" = "iPhone Developer";
				COPY_PHASE_STRIP = NO;
				DEBUG_INFORMATION_FORMAT = "dwarf-with-dsym";
				ENABLE_NS_ASSERTIONS = NO;
				ENABLE_STRICT_OBJC_MSGSEND = YES;
				GCC_C_LANGUAGE_STANDARD = gnu99;
				GCC_NO_COMMON_BLOCKS = YES;
				GCC_WARN_64_TO_32_BIT_CONVERSION = YES;
				GCC_WARN_ABOUT_RETURN_TYPE = YES_ERROR;
				GCC_WARN_UNDECLARED_SELECTOR = YES;
				GCC_WARN_UNINITIALIZED_AUTOS = YES_AGGRESSIVE;
				GCC_WARN_UNUSED_FUNCTION = YES;
				GCC_WARN_UNUSED_VARIABLE = YES;
				IPHONEOS_DEPLOYMENT_TARGET = 10.2;
				MTL_ENABLE_DEBUG_INFO = NO;
				SDKROOT = iphoneos;
				TARGETED_DEVICE_FAMILY = "1,2";
				VALIDATE_PRODUCT = YES;
			};
			name = Release;
		};
		908834B31F27324E00C1086F /* Debug */ = {
			isa = XCBuildConfiguration;
			buildSettings = {
				ASSETCATALOG_COMPILER_APPICON_NAME = "iMessage App Icon";
				INFOPLIST_FILE = StickerPackExtension/Info.plist;
				PRODUCT_BUNDLE_IDENTIFIER = wanjieHan.HJSmallLovely.StickerPackExtension;
				PRODUCT_NAME = "$(TARGET_NAME)";
				SKIP_INSTALL = YES;
			};
			name = Debug;
		};
		908834B41F27324E00C1086F /* Release */ = {
			isa = XCBuildConfiguration;
			buildSettings = {
				ASSETCATALOG_COMPILER_APPICON_NAME = "iMessage App Icon";
				INFOPLIST_FILE = StickerPackExtension/Info.plist;
				PRODUCT_BUNDLE_IDENTIFIER = wanjieHan.HJSmallLovely.StickerPackExtension;
				PRODUCT_NAME = "$(TARGET_NAME)";
				SKIP_INSTALL = YES;
			};
			name = Release;
		};
		908834B71F27324E00C1086F /* Debug */ = {
			isa = XCBuildConfiguration;
			buildSettings = {
				ASSETCATALOG_COMPILER_APPICON_NAME = "iMessage App Icon";
				DEVELOPMENT_TEAM = 22V8W52T88;
				INFOPLIST_FILE = HJSmallLovely/Info.plist;
				PRODUCT_BUNDLE_IDENTIFIER = wanjieHan.HJSmallLovely;
				PRODUCT_NAME = "$(TARGET_NAME)";
			};
			name = Debug;
		};
		908834B81F27324E00C1086F /* Release */ = {
			isa = XCBuildConfiguration;
			buildSettings = {
				ASSETCATALOG_COMPILER_APPICON_NAME = "iMessage App Icon";
				DEVELOPMENT_TEAM = 22V8W52T88;
				INFOPLIST_FILE = HJSmallLovely/Info.plist;
				PRODUCT_BUNDLE_IDENTIFIER = wanjieHan.HJSmallLovely;
				PRODUCT_NAME = "$(TARGET_NAME)";
			};
			name = Release;
		};
/* End XCBuildConfiguration section */

/* Begin XCConfigurationList section */
		908834A21F27324E00C1086F /* Build configuration list for PBXProject "HJSmallLovely" */ = {
			isa = XCConfigurationList;
			buildConfigurations = (
				908834B01F27324E00C1086F /* Debug */,
				908834B11F27324E00C1086F /* Release */,
			);
			defaultConfigurationIsVisible = 0;
			defaultConfigurationName = Release;
		};
		908834B21F27324E00C1086F /* Build configuration list for PBXNativeTarget "StickerPackExtension" */ = {
			isa = XCConfigurationList;
			buildConfigurations = (
				908834B31F27324E00C1086F /* Debug */,
				908834B41F27324E00C1086F /* Release */,
			);
			defaultConfigurationIsVisible = 0;
			defaultConfigurationName = Release;
		};
		908834B61F27324E00C1086F /* Build configuration list for PBXNativeTarget "HJSmallLovely" */ = {
			isa = XCConfigurationList;
			buildConfigurations = (
				908834B71F27324E00C1086F /* Debug */,
				908834B81F27324E00C1086F /* Release */,
			);
			defaultConfigurationIsVisible = 0;
			defaultConfigurationName = Release;
		};
/* End XCConfigurationList section */
	};
	rootObject = 9088349F1F27324E00C1086F /* Project object */;
}
